
Microsoft Visual Studio Solution File, Format Version 12.00
# Visual Studio Version 17
VisualStudioVersion = 17.6.33815.320
MinimumVisualStudioVersion = 10.0.40219.1
Project("{FAE04EC0-301F-11D3-BF4B-00C04F79EFBC}") = "GaborAron", "GaborAron.csproj", "{B798D115-35B1-4A6A-91FA-5C9DB356237E}"
EndProject
Global
	GlobalSection(SolutionConfigurationPlatforms) = preSolution
		Debug|Any CPU = Debug|Any CPU
		Release|Any CPU = Release|Any CPU
	EndGlobalSection
	GlobalSection(ProjectConfigurationPlatforms) = postSolution
		{B798D115-35B1-4A6A-91FA-5C9DB356237E}.Debug|Any CPU.ActiveCfg = Debug|Any CPU
		{B798D115-35B1-4A6A-91FA-5C9DB356237E}.Debug|Any CPU.Build.0 = Debug|Any CPU
		{B798D115-35B1-4A6A-91FA-5C9DB356237E}.Release|Any CPU.ActiveCfg = Release|Any CPU
		{B798D115-35B1-4A6A-91FA-5C9DB356237E}.Release|Any CPU.Build.0 = Release|Any CPU
	EndGlobalSection
	GlobalSection(SolutionProperties) = preSolution
		HideSolutionNode = FALSE
	EndGlobalSection
	GlobalSection(ExtensibilityGlobals) = postSolution
		SolutionGuid = {6358F5FE-E6E4-49DD-98CD-91BE4542A644}
	EndGlobalSection
EndGlobal
